
Microsoft Visual Studio Solution File, Format Version 12.00
# Visual Studio Version 17
VisualStudioVersion = 17.10.35013.160
MinimumVisualStudioVersion = 10.0.40219.1
Project("{9A19103F-16F7-4668-BE54-9A1E7A4F7556}") = "ToDoList", "ToDoList\ToDoList.csproj", "{E3D58A7E-D1D7-4BB1-B409-FEA4BADB172C}"
EndProject
Project("{2150E333-8FDC-42A3-9474-1A3956D46DE8}") = "test", "test", "{78E23A7A-3A0D-4649-9495-15E6294914F7}"
EndProject
Project("{2150E333-8FDC-42A3-9474-1A3956D46DE8}") = "src", "src", "{575FFED6-49B9-4E10-A7BF-C21F730C8443}"
EndProject
Project("{FAE04EC0-301F-11D3-BF4B-00C04F79EFBC}") = "ToDoList.Tests", "ToDoList.Tests\ToDoList.Tests.csproj", "{35AA88C3-AF56-4A61-B0EC-326A659DFFCF}"
EndProject
Global
	GlobalSection(SolutionConfigurationPlatforms) = preSolution
		Debug|Any CPU = Debug|Any CPU
		Release|Any CPU = Release|Any CPU
	EndGlobalSection
	GlobalSection(ProjectConfigurationPlatforms) = postSolution
		{E3D58A7E-D1D7-4BB1-B409-FEA4BADB172C}.Debug|Any CPU.ActiveCfg = Debug|Any CPU
		{E3D58A7E-D1D7-4BB1-B409-FEA4BADB172C}.Debug|Any CPU.Build.0 = Debug|Any CPU
		{E3D58A7E-D1D7-4BB1-B409-FEA4BADB172C}.Release|Any CPU.ActiveCfg = Release|Any CPU
		{E3D58A7E-D1D7-4BB1-B409-FEA4BADB172C}.Release|Any CPU.Build.0 = Release|Any CPU
		{35AA88C3-AF56-4A61-B0EC-326A659DFFCF}.Debug|Any CPU.ActiveCfg = Debug|Any CPU
		{35AA88C3-AF56-4A61-B0EC-326A659DFFCF}.Debug|Any CPU.Build.0 = Debug|Any CPU
		{35AA88C3-AF56-4A61-B0EC-326A659DFFCF}.Release|Any CPU.ActiveCfg = Release|Any CPU
		{35AA88C3-AF56-4A61-B0EC-326A659DFFCF}.Release|Any CPU.Build.0 = Release|Any CPU
	EndGlobalSection
	GlobalSection(SolutionProperties) = preSolution
		HideSolutionNode = FALSE
	EndGlobalSection
	GlobalSection(NestedProjects) = preSolution
		{E3D58A7E-D1D7-4BB1-B409-FEA4BADB172C} = {575FFED6-49B9-4E10-A7BF-C21F730C8443}
		{35AA88C3-AF56-4A61-B0EC-326A659DFFCF} = {78E23A7A-3A0D-4649-9495-15E6294914F7}
	EndGlobalSection
	GlobalSection(ExtensibilityGlobals) = postSolution
		SolutionGuid = {0EC14147-AEE6-45F5-B7EF-E771A1F879B6}
	EndGlobalSection
EndGlobal
